
Microsoft Visual Studio Solution File, Format Version 12.00
# Visual Studio 15
VisualStudioVersion = 15.0.28010.2026
MinimumVisualStudioVersion = 10.0.40219.1
Project("{FAE04EC0-301F-11D3-BF4B-00C04F79EFBC}") = "RemcosDetector", "RemcosDetector\RemcosDetector.csproj", "{A909BFD7-4C36-4C58-88DB-3290BEA6C195}"
EndProject
Project("{2150E333-8FDC-42A3-9474-1A3956D46DE8}") = "Solution files", "Solution files", "{4E893C86-6EEA-4AD7-8B57-F0887F2389AF}"
	ProjectSection(SolutionItems) = preProject
		.gitattributes = .gitattributes
		.gitignore = .gitignore
		LICENSE = LICENSE
		README.EN.md = README.EN.md
		README.md = README.md
	EndProjectSection
EndProject
Project("{2150E333-8FDC-42A3-9474-1A3956D46DE8}") = "scripts", "scripts", "{4E7D5ABC-B836-40C4-B36C-B4D2B8A6FB8A}"
	ProjectSection(SolutionItems) = preProject
		detect.bat = detect.bat
	EndProjectSection
EndProject
Global
	GlobalSection(SolutionConfigurationPlatforms) = preSolution
		Debug|Any CPU = Debug|Any CPU
		Release|Any CPU = Release|Any CPU
	EndGlobalSection
	GlobalSection(ProjectConfigurationPlatforms) = postSolution
		{A909BFD7-4C36-4C58-88DB-3290BEA6C195}.Debug|Any CPU.ActiveCfg = Debug|Any CPU
		{A909BFD7-4C36-4C58-88DB-3290BEA6C195}.Debug|Any CPU.Build.0 = Debug|Any CPU
		{A909BFD7-4C36-4C58-88DB-3290BEA6C195}.Release|Any CPU.ActiveCfg = Release|Any CPU
		{A909BFD7-4C36-4C58-88DB-3290BEA6C195}.Release|Any CPU.Build.0 = Release|Any CPU
	EndGlobalSection
	GlobalSection(SolutionProperties) = preSolution
		HideSolutionNode = FALSE
	EndGlobalSection
	GlobalSection(NestedProjects) = preSolution
		{4E7D5ABC-B836-40C4-B36C-B4D2B8A6FB8A} = {4E893C86-6EEA-4AD7-8B57-F0887F2389AF}
	EndGlobalSection
	GlobalSection(ExtensibilityGlobals) = postSolution
		SolutionGuid = {3CCE7A2B-AB6E-4B4A-9E30-766806D6D9F8}
	EndGlobalSection
EndGlobal
